
Microsoft Visual Studio Solution File, Format Version 12.00
# Visual Studio 15
VisualStudioVersion = 15.0.28307.168
MinimumVisualStudioVersion = 10.0.40219.1
Project("{9A19103F-16F7-4668-BE54-9A1E7A4F7556}") = "AsyncInn", "AsyncInn\AsyncInn.csproj", "{240B24F2-CF93-40E2-9A7D-D740A14EA447}"
EndProject
Global
	GlobalSection(SolutionConfigurationPlatforms) = preSolution
		Debug|Any CPU = Debug|Any CPU
		Release|Any CPU = Release|Any CPU
	EndGlobalSection
	GlobalSection(ProjectConfigurationPlatforms) = postSolution
		{240B24F2-CF93-40E2-9A7D-D740A14EA447}.Debug|Any CPU.ActiveCfg = Debug|Any CPU
		{240B24F2-CF93-40E2-9A7D-D740A14EA447}.Debug|Any CPU.Build.0 = Debug|Any CPU
		{240B24F2-CF93-40E2-9A7D-D740A14EA447}.Release|Any CPU.ActiveCfg = Release|Any CPU
		{240B24F2-CF93-40E2-9A7D-D740A14EA447}.Release|Any CPU.Build.0 = Release|Any CPU
	EndGlobalSection
	GlobalSection(SolutionProperties) = preSolution
		HideSolutionNode = FALSE
	EndGlobalSection
	GlobalSection(ExtensibilityGlobals) = postSolution
		SolutionGuid = {A2F2D421-6E61-418A-8836-EC966127075D}
	EndGlobalSection
EndGlobal
